
Microsoft Visual Studio Solution File, Format Version 12.00
# Visual Studio Version 16
VisualStudioVersion = 16.0.31515.178
MinimumVisualStudioVersion = 10.0.40219.1
Project("{FAE04EC0-301F-11D3-BF4B-00C04F79EFBC}") = "MVCCore.EF", "MVCCore.EF\MVCCore.EF.csproj", "{0DC191AF-0C63-452A-8AFF-A60BCFFEB599}"
EndProject
Global
	GlobalSection(SolutionConfigurationPlatforms) = preSolution
		Debug|Any CPU = Debug|Any CPU
		Release|Any CPU = Release|Any CPU
	EndGlobalSection
	GlobalSection(ProjectConfigurationPlatforms) = postSolution
		{0DC191AF-0C63-452A-8AFF-A60BCFFEB599}.Debug|Any CPU.ActiveCfg = Debug|Any CPU
		{0DC191AF-0C63-452A-8AFF-A60BCFFEB599}.Debug|Any CPU.Build.0 = Debug|Any CPU
		{0DC191AF-0C63-452A-8AFF-A60BCFFEB599}.Release|Any CPU.ActiveCfg = Release|Any CPU
		{0DC191AF-0C63-452A-8AFF-A60BCFFEB599}.Release|Any CPU.Build.0 = Release|Any CPU
	EndGlobalSection
	GlobalSection(SolutionProperties) = preSolution
		HideSolutionNode = FALSE
	EndGlobalSection
	GlobalSection(ExtensibilityGlobals) = postSolution
		SolutionGuid = {896C2601-B202-4F89-A625-F9C02BADEEE7}
	EndGlobalSection
EndGlobal
